
Microsoft Visual Studio Solution File, Format Version 12.00
# Visual Studio 14
VisualStudioVersion = 14.0.23107.0
MinimumVisualStudioVersion = 10.0.40219.1
Project("{FAE04EC0-301F-11D3-BF4B-00C04F79EFBC}") = "Calculator", "Calculator\Calculator.csproj", "{DC16B164-29AB-426D-AEB0-BA49E869A825}"
EndProject
Global
	GlobalSection(SolutionConfigurationPlatforms) = preSolution
		Debug|Any CPU = Debug|Any CPU
		Release|Any CPU = Release|Any CPU
	EndGlobalSection
	GlobalSection(ProjectConfigurationPlatforms) = postSolution
		{DC16B164-29AB-426D-AEB0-BA49E869A825}.Debug|Any CPU.ActiveCfg = Debug|Any CPU
		{DC16B164-29AB-426D-AEB0-BA49E869A825}.Debug|Any CPU.Build.0 = Debug|Any CPU
		{DC16B164-29AB-426D-AEB0-BA49E869A825}.Release|Any CPU.ActiveCfg = Release|Any CPU
		{DC16B164-29AB-426D-AEB0-BA49E869A825}.Release|Any CPU.Build.0 = Release|Any CPU
	EndGlobalSection
	GlobalSection(SolutionProperties) = preSolution
		HideSolutionNode = FALSE
	EndGlobalSection
EndGlobal
